// !$*UTF8*$!
{
	archiveVersion = 1;
	classes = {
	};
	objectVersion = 46;
	objects = {

/* Begin PBXBuildFile section */
		2489434B1C3422870012538D /* NSString+JQSqlite.m in Sources */ = {isa = PBXBuildFile; fileRef = 2489434A1C3422870012538D /* NSString+JQSqlite.m */; };
		24F3491E1C22E75C000557C5 /* main.m in Sources */ = {isa = PBXBuildFile; fileRef = 24F3491D1C22E75C000557C5 /* main.m */; };
		24F349211C22E75C000557C5 /* AppDelegate.m in Sources */ = {isa = PBXBuildFile; fileRef = 24F349201C22E75C000557C5 /* AppDelegate.m */; };
		24F349241C22E75C000557C5 /* ViewController.m in Sources */ = {isa = PBXBuildFile; fileRef = 24F349231C22E75C000557C5 /* ViewController.m */; };
		24F349271C22E75C000557C5 /* Main.storyboard in Resources */ = {isa = PBXBuildFile; fileRef = 24F349251C22E75C000557C5 /* Main.storyboard */; };
		24F349291C22E75C000557C5 /* Assets.xcassets in Resources */ = {isa = PBXBuildFile; fileRef = 24F349281C22E75C000557C5 /* Assets.xcassets */; };
		24F3492C1C22E75C000557C5 /* LaunchScreen.storyboard in Resources */ = {isa = PBXBuildFile; fileRef = 24F3492A1C22E75C000557C5 /* LaunchScreen.storyboard */; };
		24F349371C22E75C000557C5 /* FMDBTests.m in Sources */ = {isa = PBXBuildFile; fileRef = 24F349361C22E75C000557C5 /* FMDBTests.m */; };
		24F349421C22E75C000557C5 /* FMDBUITests.m in Sources */ = {isa = PBXBuildFile; fileRef = 24F349411C22E75C000557C5 /* FMDBUITests.m */; };
		4648C29E9A5501A30EE21363 /* libPods.a in Frameworks */ = {isa = PBXBuildFile; fileRef = 9AF6546172E95C9DBE72B1F3 /* libPods.a */; };
/* End PBXBuildFile section */

/* Begin PBXContainerItemProxy section */
		24F349331C22E75C000557C5 /* PBXContainerItemProxy */ = {
			isa = PBXContainerItemProxy;
			containerPortal = 24F349111C22E75C000557C5 /* Project object */;
			proxyType = 1;
			remoteGlobalIDString = 24F349181C22E75C000557C5;
			remoteInfo = FMDB;
		};
		24F3493E1C22E75C000557C5 /* PBXContainerItemProxy */ = {
			isa = PBXContainerItemProxy;
			containerPortal = 24F349111C22E75C000557C5 /* Project object */;
			proxyType = 1;
			remoteGlobalIDString = 24F349181C22E75C000557C5;
			remoteInfo = FMDB;
		};
/* End PBXContainerItemProxy section */

/* Begin PBXFileReference section */
		248943491C3422870012538D /* NSString+JQSqlite.h */ = {isa = PBXFileReference; fileEncoding = 4; lastKnownFileType = sourcecode.c.h; path = "NSString+JQSqlite.h"; sourceTree = "<group>"; };
		2489434A1C3422870012538D /* NSString+JQSqlite.m */ = {isa = PBXFileReference; fileEncoding = 4; lastKnownFileType = sourcecode.c.objc; path = "NSString+JQSqlite.m"; sourceTree = "<group>"; };
		24F349191C22E75C000557C5 /* FMDB.app */ = {isa = PBXFileReference; explicitFileType = wrapper.application; includeInIndex = 0; path = FMDB.app; sourceTree = BUILT_PRODUCTS_DIR; };
		24F3491D1C22E75C000557C5 /* main.m */ = {isa = PBXFileReference; lastKnownFileType = sourcecode.c.objc; path = main.m; sourceTree = "<group>"; };
		24F3491F1C22E75C000557C5 /* AppDelegate.h */ = {isa = PBXFileReference; lastKnownFileType = sourcecode.c.h; path = AppDelegate.h; sourceTree = "<group>"; };
		24F349201C22E75C000557C5 /* AppDelegate.m */ = {isa = PBXFileReference; lastKnownFileType = sourcecode.c.objc; path = AppDelegate.m; sourceTree = "<group>"; };
		24F349221C22E75C000557C5 /* ViewController.h */ = {isa = PBXFileReference; lastKnownFileType = sourcecode.c.h; path = ViewController.h; sourceTree = "<group>"; };
		24F349231C22E75C000557C5 /* ViewController.m */ = {isa = PBXFileReference; lastKnownFileType = sourcecode.c.objc; path = ViewController.m; sourceTree = "<group>"; };
		24F349261C22E75C000557C5 /* Base */ = {isa = PBXFileReference; lastKnownFileType = file.storyboard; name = Base; path = Base.lproj/Main.storyboard; sourceTree = "<group>"; };
		24F349281C22E75C000557C5 /* Assets.xcassets */ = {isa = PBXFileReference; lastKnownFileType = folder.assetcatalog; path = Assets.xcassets; sourceTree = "<group>"; };
		24F3492B1C22E75C000557C5 /* Base */ = {isa = PBXFileReference; lastKnownFileType = file.storyboard; name = Base; path = Base.lproj/LaunchScreen.storyboard; sourceTree = "<group>"; };
		24F3492D1C22E75C000557C5 /* Info.plist */ = {isa = PBXFileReference; lastKnownFileType = text.plist.xml; path = Info.plist; sourceTree = "<group>"; };
		24F349321C22E75C000557C5 /* FMDBTests.xctest */ = {isa = PBXFileReference; explicitFileType = wrapper.cfbundle; includeInIndex = 0; path = FMDBTests.xctest; sourceTree = BUILT_PRODUCTS_DIR; };
		24F349361C22E75C000557C5 /* FMDBTests.m */ = {isa = PBXFileReference; lastKnownFileType = sourcecode.c.objc; path = FMDBTests.m; sourceTree = "<group>"; };
		24F349381C22E75C000557C5 /* Info.plist */ = {isa = PBXFileReference; lastKnownFileType = text.plist.xml; path = Info.plist; sourceTree = "<group>"; };
		24F3493D1C22E75C000557C5 /* FMDBUITests.xctest */ = {isa = PBXFileReference; explicitFileType = wrapper.cfbundle; includeInIndex = 0; path = FMDBUITests.xctest; sourceTree = BUILT_PRODUCTS_DIR; };
		24F349411C22E75C000557C5 /* FMDBUITests.m */ = {isa = PBXFileReference; lastKnownFileType = sourcecode.c.objc; path = FMDBUITests.m; sourceTree = "<group>"; };
		24F349431C22E75C000557C5 /* Info.plist */ = {isa = PBXFileReference; lastKnownFileType = text.plist.xml; path = Info.plist; sourceTree = "<group>"; };
		83677730208CF255D86AB958 /* Pods.release.xcconfig */ = {isa = PBXFileReference; includeInIndex = 1; lastKnownFileType = text.xcconfig; name = Pods.release.xcconfig; path = "Pods/Target Support Files/Pods/Pods.release.xcconfig"; sourceTree = "<group>"; };
		9AF6546172E95C9DBE72B1F3 /* libPods.a */ = {isa = PBXFileReference; explicitFileType = archive.ar; includeInIndex = 0; path = libPods.a; sourceTree = BUILT_PRODUCTS_DIR; };
		CF2033B1D700E7152EDAC347 /* Pods.debug.xcconfig */ = {isa = PBXFileReference; includeInIndex = 1; lastKnownFileType = text.xcconfig; name = Pods.debug.xcconfig; path = "Pods/Target Support Files/Pods/Pods.debug.xcconfig"; sourceTree = "<group>"; };
/* End PBXFileReference section */

/* Begin PBXFrameworksBuildPhase section */
		24F349161C22E75C000557C5 /* Frameworks */ = {
			isa = PBXFrameworksBuildPhase;
			buildActionMask = 2147483647;
			files = (
				4648C29E9A5501A30EE21363 /* libPods.a in Frameworks */,
			);
			runOnlyForDeploymentPostprocessing = 0;
		};
		24F3492F1C22E75C000557C5 /* Frameworks */ = {
			isa = PBXFrameworksBuildPhase;
			buildActionMask = 2147483647;
			files = (
			);
			runOnlyForDeploymentPostprocessing = 0;
		};
		24F3493A1C22E75C000557C5 /* Frameworks */ = {
			isa = PBXFrameworksBuildPhase;
			buildActionMask = 2147483647;
			files = (
			);
			runOnlyForDeploymentPostprocessing = 0;
		};
/* End PBXFrameworksBuildPhase section */

/* Begin PBXGroup section */
		248943481C3422450012538D /* Categary */ = {
			isa = PBXGroup;
			children = (
				248943491C3422870012538D /* NSString+JQSqlite.h */,
				2489434A1C3422870012538D /* NSString+JQSqlite.m */,
			);
			path = Categary;
			sourceTree = "<group>";
		};
		24F349101C22E75C000557C5 = {
			isa = PBXGroup;
			children = (
				248943481C3422450012538D /* Categary */,
				24F3491B1C22E75C000557C5 /* FMDB */,
				24F349351C22E75C000557C5 /* FMDBTests */,
				24F349401C22E75C000557C5 /* FMDBUITests */,
				24F3491A1C22E75C000557C5 /* Products */,
				5DADE4D4563DFA1A2EEBBA4C /* Pods */,
				33CCD2A6823A5990D36A5088 /* Frameworks */,
			);
			sourceTree = "<group>";
		};
		24F3491A1C22E75C000557C5 /* Products */ = {
			isa = PBXGroup;
			children = (
				24F349191C22E75C000557C5 /* FMDB.app */,
				24F349321C22E75C000557C5 /* FMDBTests.xctest */,
				24F3493D1C22E75C000557C5 /* FMDBUITests.xctest */,
			);
			name = Products;
			sourceTree = "<group>";
		};
		24F3491B1C22E75C000557C5 /* FMDB */ = {
			isa = PBXGroup;
			children = (
				24F3491F1C22E75C000557C5 /* AppDelegate.h */,
				24F349201C22E75C000557C5 /* AppDelegate.m */,
				24F349221C22E75C000557C5 /* ViewController.h */,
				24F349231C22E75C000557C5 /* ViewController.m */,
				24F349251C22E75C000557C5 /* Main.storyboard */,
				24F349281C22E75C000557C5 /* Assets.xcassets */,
				24F3492A1C22E75C000557C5 /* LaunchScreen.storyboard */,
				24F3492D1C22E75C000557C5 /* Info.plist */,
				24F3491C1C22E75C000557C5 /* Supporting Files */,
			);
			path = FMDB;
			sourceTree = "<group>";
		};
		24F3491C1C22E75C000557C5 /* Supporting Files */ = {
			isa = PBXGroup;
			children = (
				24F3491D1C22E75C000557C5 /* main.m */,
			);
			name = "Supporting Files";
			sourceTree = "<group>";
		};
		24F349351C22E75C000557C5 /* FMDBTests */ = {
			isa = PBXGroup;
			children = (
				24F349361C22E75C000557C5 /* FMDBTests.m */,
				24F349381C22E75C000557C5 /* Info.plist */,
			);
			path = FMDBTests;
			sourceTree = "<group>";
		};
		24F349401C22E75C000557C5 /* FMDBUITests */ = {
			isa = PBXGroup;
			children = (
				24F349411C22E75C000557C5 /* FMDBUITests.m */,
				24F349431C22E75C000557C5 /* Info.plist */,
			);
			path = FMDBUITests;
			sourceTree = "<group>";
		};
		33CCD2A6823A5990D36A5088 /* Frameworks */ = {
			isa = PBXGroup;
			children = (
				9AF6546172E95C9DBE72B1F3 /* libPods.a */,
			);
			name = Frameworks;
			sourceTree = "<group>";
		};
		5DADE4D4563DFA1A2EEBBA4C /* Pods */ = {
			isa = PBXGroup;
			children = (
				CF2033B1D700E7152EDAC347 /* Pods.debug.xcconfig */,
				83677730208CF255D86AB958 /* Pods.release.xcconfig */,
			);
			name = Pods;
			sourceTree = "<group>";
		};
/* End PBXGroup section */

/* Begin PBXNativeTarget section */
		24F349181C22E75C000557C5 /* FMDB */ = {
			isa = PBXNativeTarget;
			buildConfigurationList = 24F349461C22E75C000557C5 /* Build configuration list for PBXNativeTarget "FMDB" */;
			buildPhases = (
				7155F8D640156FA030A95C7C /* Check Pods Manifest.lock */,
				24F349151C22E75C000557C5 /* Sources */,
				24F349161C22E75C000557C5 /* Frameworks */,
				24F349171C22E75C000557C5 /* Resources */,
				6A865A17EEC7A0795D056F50 /* Embed Pods Frameworks */,
				1B00F5355589C565C0A476E6 /* Copy Pods Resources */,
			);
			buildRules = (
			);
			dependencies = (
			);
			name = FMDB;
			productName = FMDB;
			productReference = 24F349191C22E75C000557C5 /* FMDB.app */;
			productType = "com.apple.product-type.application";
		};
		24F349311C22E75C000557C5 /* FMDBTests */ = {
			isa = PBXNativeTarget;
			buildConfigurationList = 24F349491C22E75C000557C5 /* Build configuration list for PBXNativeTarget "FMDBTests" */;
			buildPhases = (
				24F3492E1C22E75C000557C5 /* Sources */,
				24F3492F1C22E75C000557C5 /* Frameworks */,
				24F349301C22E75C000557C5 /* Resources */,
			);
			buildRules = (
			);
			dependencies = (
				24F349341C22E75C000557C5 /* PBXTargetDependency */,
			);
			name = FMDBTests;
			productName = FMDBTests;
			productReference = 24F349321C22E75C000557C5 /* FMDBTests.xctest */;
			productType = "com.apple.product-type.bundle.unit-test";
		};
		24F3493C1C22E75C000557C5 /* FMDBUITests */ = {
			isa = PBXNativeTarget;
			buildConfigurationList = 24F3494C1C22E75C000557C5 /* Build configuration list for PBXNativeTarget "FMDBUITests" */;
			buildPhases = (
				24F349391C22E75C000557C5 /* Sources */,
				24F3493A1C22E75C000557C5 /* Frameworks */,
				24F3493B1C22E75C000557C5 /* Resources */,
			);
			buildRules = (
			);
			dependencies = (
				24F3493F1C22E75C000557C5 /* PBXTargetDependency */,
			);
			name = FMDBUITests;
			productName = FMDBUITests;
			productReference = 24F3493D1C22E75C000557C5 /* FMDBUITests.xctest */;
			productType = "com.apple.product-type.bundle.ui-testing";
		};
/* End PBXNativeTarget section */

/* Begin PBXProject section */
		24F349111C22E75C000557C5 /* Project object */ = {
			isa = PBXProject;
			attributes = {
				LastUpgradeCheck = 0720;
				ORGANIZATIONNAME = tang;
				TargetAttributes = {
					24F349181C22E75C000557C5 = {
						CreatedOnToolsVersion = 7.2;
					};
					24F349311C22E75C000557C5 = {
						CreatedOnToolsVersion = 7.2;
						TestTargetID = 24F349181C22E75C000557C5;
					};
					24F3493C1C22E75C000557C5 = {
						CreatedOnToolsVersion = 7.2;
						TestTargetID = 24F349181C22E75C000557C5;
					};
				};
			};
			buildConfigurationList = 24F349141C22E75C000557C5 /* Build configuration list for PBXProject "FMDB" */;
			compatibilityVersion = "Xcode 3.2";
			developmentRegion = English;
			hasScannedForEncodings = 0;
			knownRegions = (
				en,
				Base,
			);
			mainGroup = 24F349101C22E75C000557C5;
			productRefGroup = 24F3491A1C22E75C000557C5 /* Products */;
			projectDirPath = "";
			projectRoot = "";
			targets = (
				24F349181C22E75C000557C5 /* FMDB */,
				24F349311C22E75C000557C5 /* FMDBTests */,
				24F3493C1C22E75C000557C5 /* FMDBUITests */,
			);
		};
/* End PBXProject section */

/* Begin PBXResourcesBuildPhase section */
		24F349171C22E75C000557C5 /* Resources */ = {
			isa = PBXResourcesBuildPhase;
			buildActionMask = 2147483647;
			files = (
				24F3492C1C22E75C000557C5 /* LaunchScreen.storyboard in Resources */,
				24F349291C22E75C000557C5 /* Assets.xcassets in Resources */,
				24F349271C22E75C000557C5 /* Main.storyboard in Resources */,
			);
			runOnlyForDeploymentPostprocessing = 0;
		};
		24F349301C22E75C000557C5 /* Resources */ = {
			isa = PBXResourcesBuildPhase;
			buildActionMask = 2147483647;
			files = (
			);
			runOnlyForDeploymentPostprocessing = 0;
		};
		24F3493B1C22E75C000557C5 /* Resources */ = {
			isa = PBXResourcesBuildPhase;
			buildActionMask = 2147483647;
			files = (
			);
			runOnlyForDeploymentPostprocessing = 0;
		};
/* End PBXResourcesBuildPhase section */

/* Begin PBXShellScriptBuildPhase section */
		1B00F5355589C565C0A476E6 /* Copy Pods Resources */ = {
			isa = PBXShellScriptBuildPhase;
			buildActionMask = 2147483647;
			files = (
			);
			inputPaths = (
			);
			name = "Copy Pods Resources";
			outputPaths = (
			);
			runOnlyForDeploymentPostprocessing = 0;
			shellPath = /bin/sh;
			shellScript = "\"${SRCROOT}/Pods/Target Support Files/Pods/Pods-resources.sh\"\n";
			showEnvVarsInLog = 0;
		};
		6A865A17EEC7A0795D056F50 /* Embed Pods Frameworks */ = {
			isa = PBXShellScriptBuildPhase;
			buildActionMask = 2147483647;
			files = (
			);
			inputPaths = (
			);
			name = "Embed Pods Frameworks";
			outputPaths = (
			);
			runOnlyForDeploymentPostprocessing = 0;
			shellPath = /bin/sh;
			shellScript = "\"${SRCROOT}/Pods/Target Support Files/Pods/Pods-frameworks.sh\"\n";
			showEnvVarsInLog = 0;
		};
		7155F8D640156FA030A95C7C /* Check Pods Manifest.lock */ = {
			isa = PBXShellScriptBuildPhase;
			buildActionMask = 2147483647;
			files = (
			);
			inputPaths = (
			);
			name = "Check Pods Manifest.lock";
			outputPaths = (
			);
			runOnlyForDeploymentPostprocessing = 0;
			shellPath = /bin/sh;
			shellScript = "diff \"${PODS_ROOT}/../Podfile.lock\" \"${PODS_ROOT}/Manifest.lock\" > /dev/null\nif [[ $? != 0 ]] ; then\n    cat << EOM\nerror: The sandbox is not in sync with the Podfile.lock. Run 'pod install' or update your CocoaPods installation.\nEOM\n    exit 1\nfi\n";
			showEnvVarsInLog = 0;
		};
/* End PBXShellScriptBuildPhase section */

/* Begin PBXSourcesBuildPhase section */
		24F349151C22E75C000557C5 /* Sources */ = {
			isa = PBXSourcesBuildPhase;
			buildActionMask = 2147483647;
			files = (
				24F349241C22E75C000557C5 /* ViewController.m in Sources */,
				24F349211C22E75C000557C5 /* AppDelegate.m in Sources */,
				2489434B1C3422870012538D /* NSString+JQSqlite.m in Sources */,
				24F3491E1C22E75C000557C5 /* main.m in Sources */,
			);
			runOnlyForDeploymentPostprocessing = 0;
		};
		24F3492E1C22E75C000557C5 /* Sources */ = {
			isa = PBXSourcesBuildPhase;
			buildActionMask = 2147483647;
			files = (
				24F349371C22E75C000557C5 /* FMDBTests.m in Sources */,
			);
			runOnlyForDeploymentPostprocessing = 0;
		};
		24F349391C22E75C000557C5 /* Sources */ = {
			isa = PBXSourcesBuildPhase;
			buildActionMask = 2147483647;
			files = (
				24F349421C22E75C000557C5 /* FMDBUITests.m in Sources */,
			);
			runOnlyForDeploymentPostprocessing = 0;
		};
/* End PBXSourcesBuildPhase section */

/* Begin PBXTargetDependency section */
		24F349341C22E75C000557C5 /* PBXTargetDependency */ = {
			isa = PBXTargetDependency;
			target = 24F349181C22E75C000557C5 /* FMDB */;
			targetProxy = 24F349331C22E75C000557C5 /* PBXContainerItemProxy */;
		};
		24F3493F1C22E75C000557C5 /* PBXTargetDependency */ = {
			isa = PBXTargetDependency;
			target = 24F349181C22E75C000557C5 /* FMDB */;
			targetProxy = 24F3493E1C22E75C000557C5 /* PBXContainerItemProxy */;
		};
/* End PBXTargetDependency section */

/* Begin PBXVariantGroup section */
		24F349251C22E75C000557C5 /* Main.storyboard */ = {
			isa = PBXVariantGroup;
			children = (
				24F349261C22E75C000557C5 /* Base */,
			);
			name = Main.storyboard;
			sourceTree = "<group>";
		};
		24F3492A1C22E75C000557C5 /* LaunchScreen.storyboard */ = {
			isa = PBXVariantGroup;
			children = (
				24F3492B1C22E75C000557C5 /* Base */,
			);
			name = LaunchScreen.storyboard;
			sourceTree = "<group>";
		};
/* End PBXVariantGroup section */

/* Begin XCBuildConfiguration section */
		24F349441C22E75C000557C5 /* Debug */ = {
			isa = XCBuildConfiguration;
			buildSettings = {
				ALWAYS_SEARCH_USER_PATHS = NO;
				CLANG_CXX_LANGUAGE_STANDARD = "gnu++0x";
				CLANG_CXX_LIBRARY = "libc++";
				CLANG_ENABLE_MODULES = YES;
				CLANG_ENABLE_OBJC_ARC = YES;
				CLANG_WARN_BOOL_CONVERSION = YES;
				CLANG_WARN_CONSTANT_CONVERSION = YES;
				CLANG_WARN_DIRECT_OBJC_ISA_USAGE = YES_ERROR;
				CLANG_WARN_EMPTY_BODY = YES;
				CLANG_WARN_ENUM_CONVERSION = YES;
				CLANG_WARN_INT_CONVERSION = YES;
				CLANG_WARN_OBJC_ROOT_CLASS = YES_ERROR;
				CLANG_WARN_UNREACHABLE_CODE = YES;
				CLANG_WARN__DUPLICATE_METHOD_MATCH = YES;
				"CODE_SIGN_IDENTITY[sdk=iphoneos*]" = "iPhone Developer";
				COPY_PHASE_STRIP = NO;
				DEBUG_INFORMATION_FORMAT = dwarf;
				ENABLE_STRICT_OBJC_MSGSEND = YES;
				ENABLE_TESTABILITY = YES;
				GCC_C_LANGUAGE_STANDARD = gnu99;
				GCC_DYNAMIC_NO_PIC = NO;
				GCC_NO_COMMON_BLOCKS = YES;
				GCC_OPTIMIZATION_LEVEL = 0;
				GCC_PREPROCESSOR_DEFINITIONS = (
					"DEBUG=1",
					"$(inherited)",
				);
				GCC_WARN_64_TO_32_BIT_CONVERSION = YES;
				GCC_WARN_ABOUT_RETURN_TYPE = YES_ERROR;
				GCC_WARN_UNDECLARED_SELECTOR = YES;
				GCC_WARN_UNINITIALIZED_AUTOS = YES_AGGRESSIVE;
				GCC_WARN_UNUSED_FUNCTION = YES;
				GCC_WARN_UNUSED_VARIABLE = YES;
				IPHONEOS_DEPLOYMENT_TARGET = 7.0;
				MTL_ENABLE_DEBUG_INFO = YES;
				ONLY_ACTIVE_ARCH = YES;
				SDKROOT = iphoneos;
				TARGETED_DEVICE_FAMILY = "1,2";
			};
			name = Debug;
		};
		24F349451C22E75C000557C5 /* Release */ = {
			isa = XCBuildConfiguration;
			buildSettings = {
				ALWAYS_SEARCH_USER_PATHS = NO;
				CLANG_CXX_LANGUAGE_STANDARD = "gnu++0x";
				CLANG_CXX_LIBRARY = "libc++";
				CLANG_ENABLE_MODULES = YES;
				CLANG_ENABLE_OBJC_ARC = YES;
				CLANG_WARN_BOOL_CONVERSION = YES;
				CLANG_WARN_CONSTANT_CONVERSION = YES;
				CLANG_WARN_DIRECT_OBJC_ISA_USAGE = YES_ERROR;
				CLANG_WARN_EMPTY_BODY = YES;
				CLANG_WARN_ENUM_CONVERSION = YES;
				CLANG_WARN_INT_CONVERSION = YES;
				CLANG_WARN_OBJC_ROOT_CLASS = YES_ERROR;
				CLANG_WARN_UNREACHABLE_CODE = YES;
				CLANG_WARN__DUPLICATE_METHOD_MATCH = YES;
				"CODE_SIGN_IDENTITY[sdk=iphoneos*]" = "iPhone Developer";
				COPY_PHASE_STRIP = NO;
				DEBUG_INFORMATION_FORMAT = "dwarf-with-dsym";
				ENABLE_NS_ASSERTIONS = NO;
				ENABLE_STRICT_OBJC_MSGSEND = YES;
				GCC_C_LANGUAGE_STANDARD = gnu99;
				GCC_NO_COMMON_BLOCKS = YES;
				GCC_WARN_64_TO_32_BIT_CONVERSION = YES;
				GCC_WARN_ABOUT_RETURN_TYPE = YES_ERROR;
				GCC_WARN_UNDECLARED_SELECTOR = YES;
				GCC_WARN_UNINITIALIZED_AUTOS = YES_AGGRESSIVE;
				GCC_WARN_UNUSED_FUNCTION = YES;
				GCC_WARN_UNUSED_VARIABLE = YES;
				IPHONEOS_DEPLOYMENT_TARGET = 7.0;
				MTL_ENABLE_DEBUG_INFO = NO;
				SDKROOT = iphoneos;
				TARGETED_DEVICE_FAMILY = "1,2";
				VALIDATE_PRODUCT = YES;
			};
			name = Release;
		};
		24F349471C22E75C000557C5 /* Debug */ = {
			isa = XCBuildConfiguration;
			baseConfigurationReference = CF2033B1D700E7152EDAC347 /* Pods.debug.xcconfig */;
			buildSettings = {
				ASSETCATALOG_COMPILER_APPICON_NAME = AppIcon;
				GCC_PREFIX_HEADER = "/Users/tang/Desktop/quanq/liana/quanr/FMDB/Pods/Target Support Files/FMDB/FMDB-prefix.pch";
				INFOPLIST_FILE = FMDB/Info.plist;
				IPHONEOS_DEPLOYMENT_TARGET = 7.0;
				LD_RUNPATH_SEARCH_PATHS = "$(inherited) @executable_path/Frameworks";
				PRODUCT_BUNDLE_IDENTIFIER = company.FMDB;
				PRODUCT_NAME = "$(TARGET_NAME)";
			};
			name = Debug;
		};
		24F349481C22E75C000557C5 /* Release */ = {
			isa = XCBuildConfiguration;
			baseConfigurationReference = 83677730208CF255D86AB958 /* Pods.release.xcconfig */;
			buildSettings = {
				ASSETCATALOG_COMPILER_APPICON_NAME = AppIcon;
				GCC_PREFIX_HEADER = "/Users/tang/Desktop/quanq/liana/quanr/FMDB/Pods/Target Support Files/FMDB/FMDB-prefix.pch";
				INFOPLIST_FILE = FMDB/Info.plist;
				IPHONEOS_DEPLOYMENT_TARGET = 7.0;
				LD_RUNPATH_SEARCH_PATHS = "$(inherited) @executable_path/Frameworks";
				PRODUCT_BUNDLE_IDENTIFIER = company.FMDB;
				PRODUCT_NAME = "$(TARGET_NAME)";
			};
			name = Release;
		};
		24F3494A1C22E75C000557C5 /* Debug */ = {
			isa = XCBuildConfiguration;
			buildSettings = {
				BUNDLE_LOADER = "$(TEST_HOST)";
				INFOPLIST_FILE = FMDBTests/Info.plist;
				LD_RUNPATH_SEARCH_PATHS = "$(inherited) @executable_path/Frameworks @loader_path/Frameworks";
				PRODUCT_BUNDLE_IDENTIFIER = company.FMDBTests;
				PRODUCT_NAME = "$(TARGET_NAME)";
				TEST_HOST = "$(BUILT_PRODUCTS_DIR)/FMDB.app/FMDB";
			};
			name = Debug;
		};
		24F3494B1C22E75C000557C5 /* Release */ = {
			isa = XCBuildConfiguration;
			buildSettings = {
				BUNDLE_LOADER = "$(TEST_HOST)";
				INFOPLIST_FILE = FMDBTests/Info.plist;
				LD_RUNPATH_SEARCH_PATHS = "$(inherited) @executable_path/Frameworks @loader_path/Frameworks";
				PRODUCT_BUNDLE_IDENTIFIER = company.FMDBTests;
				PRODUCT_NAME = "$(TARGET_NAME)";
				TEST_HOST = "$(BUILT_PRODUCTS_DIR)/FMDB.app/FMDB";
			};
			name = Release;
		};
		24F3494D1C22E75C000557C5 /* Debug */ = {
			isa = XCBuildConfiguration;
			buildSettings = {
				INFOPLIST_FILE = FMDBUITests/Info.plist;
				LD_RUNPATH_SEARCH_PATHS = "$(inherited) @executable_path/Frameworks @loader_path/Frameworks";
				PRODUCT_BUNDLE_IDENTIFIER = company.FMDBUITests;
				PRODUCT_NAME = "$(TARGET_NAME)";
				TEST_TARGET_NAME = FMDB;
				USES_XCTRUNNER = YES;
			};
			name = Debug;
		};
		24F3494E1C22E75C000557C5 /* Release */ = {
			isa = XCBuildConfiguration;
			buildSettings = {
				INFOPLIST_FILE = FMDBUITests/Info.plist;
				LD_RUNPATH_SEARCH_PATHS = "$(inherited) @executable_path/Frameworks @loader_path/Frameworks";
				PRODUCT_BUNDLE_IDENTIFIER = company.FMDBUITests;
				PRODUCT_NAME = "$(TARGET_NAME)";
				TEST_TARGET_NAME = FMDB;
				USES_XCTRUNNER = YES;
			};
			name = Release;
		};
/* End XCBuildConfiguration section */

/* Begin XCConfigurationList section */
		24F349141C22E75C000557C5 /* Build configuration list for PBXProject "FMDB" */ = {
			isa = XCConfigurationList;
			buildConfigurations = (
				24F349441C22E75C000557C5 /* Debug */,
				24F349451C22E75C000557C5 /* Release */,
			);
			defaultConfigurationIsVisible = 0;
			defaultConfigurationName = Release;
		};
		24F349461C22E75C000557C5 /* Build configuration list for PBXNativeTarget "FMDB" */ = {
			isa = XCConfigurationList;
			buildConfigurations = (
				24F349471C22E75C000557C5 /* Debug */,
				24F349481C22E75C000557C5 /* Release */,
			);
			defaultConfigurationIsVisible = 0;
			defaultConfigurationName = Release;
		};
		24F349491C22E75C000557C5 /* Build configuration list for PBXNativeTarget "FMDBTests" */ = {
			isa = XCConfigurationList;
			buildConfigurations = (
				24F3494A1C22E75C000557C5 /* Debug */,
				24F3494B1C22E75C000557C5 /* Release */,
			);
			defaultConfigurationIsVisible = 0;
			defaultConfigurationName = Release;
		};
		24F3494C1C22E75C000557C5 /* Build configuration list for PBXNativeTarget "FMDBUITests" */ = {
			isa = XCConfigurationList;
			buildConfigurations = (
				24F3494D1C22E75C000557C5 /* Debug */,
				24F3494E1C22E75C000557C5 /* Release */,
			);
			defaultConfigurationIsVisible = 0;
			defaultConfigurationName = Release;
		};
/* End XCConfigurationList section */
	};
	rootObject = 24F349111C22E75C000557C5 /* Project object */;
}
